{
  "name": "mtga-reader-example",
  "version": "0.1.0",
  "lockfileVersion": 3,
  "requires": true,
  "packages": {
    "": {
      "name": "mtga-reader-example",
      "version": "0.1.0",
      "license": "MIT",
      "dependencies": {
        "mtga-reader": "file:.."
      },
      "engines": {
        "node": ">= 16"
      }
    },
    "..": {
      "version": "0.1.6",
      "license": "GPL-3.0-only",
      "devDependencies": {
        "@napi-rs/cli": "^2.18.2",
        "ava": "^6.0.1"
      },
      "engines": {
        "node": ">= 16"
      }
    },
    "node_modules/mtga-reader": {
      "resolved": "..",
      "link": true
    }
  }
}
