{
  "name": "mtga-reader-example",
  "version": "0.1.0",
  "lockfileVersion": 3,
  "requires": true,
  "packages": {
    "": {
      "name": "mtga-reader-example",
      "version": "0.1.0",
      "license": "MIT",
      "dependencies": {
        "mtga-reader": "file:../mtga-reader-js"
      },
      "engines": {
        "node": ">= 16"
      }
    },
    "../mtga-reader-js": {
      "version": "0.1.0",
      "license": "MIT",
      "engines": {
        "node": ">=16"
      }
    },
    "node_modules/mtga-reader": {
      "resolved": "../mtga-reader-js",
      "link": true
    }
  }
}
